// !$*UTF8*$!
{
	archiveVersion = 1;
	classes = {
	};
	objectVersion = 56;
	objects = {

/* Begin PBXBuildFile section */
		E463C57F2BDBF402005728C4 /* NavigationAndInspectorExperimentApp.swift in Sources */ = {isa = PBXBuildFile; fileRef = E463C57E2BDBF402005728C4 /* NavigationAndInspectorExperimentApp.swift */; };
		E463C5812BDBF402005728C4 /* ContentView.swift in Sources */ = {isa = PBXBuildFile; fileRef = E463C5802BDBF402005728C4 /* ContentView.swift */; };
		E463C5832BDBF403005728C4 /* Assets.xcassets in Resources */ = {isa = PBXBuildFile; fileRef = E463C5822BDBF403005728C4 /* Assets.xcassets */; };
		E463C5872BDBF403005728C4 /* Preview Assets.xcassets in Resources */ = {isa = PBXBuildFile; fileRef = E463C5862BDBF403005728C4 /* Preview Assets.xcassets */; };
		E463C5912BDBF404005728C4 /* NavigationAndInspectorExperimentTests.swift in Sources */ = {isa = PBXBuildFile; fileRef = E463C5902BDBF404005728C4 /* NavigationAndInspectorExperimentTests.swift */; };
		E463C59B2BDBF404005728C4 /* NavigationAndInspectorExperimentUITests.swift in Sources */ = {isa = PBXBuildFile; fileRef = E463C59A2BDBF404005728C4 /* NavigationAndInspectorExperimentUITests.swift */; };
		E463C59D2BDBF404005728C4 /* NavigationAndInspectorExperimentUITestsLaunchTests.swift in Sources */ = {isa = PBXBuildFile; fileRef = E463C59C2BDBF404005728C4 /* NavigationAndInspectorExperimentUITestsLaunchTests.swift */; };
		E463C5AC2BDBF458005728C4 /* Data.swift in Sources */ = {isa = PBXBuildFile; fileRef = E463C5AB2BDBF458005728C4 /* Data.swift */; };
		E463C5AE2BDBF587005728C4 /* NavigationMainView.swift in Sources */ = {isa = PBXBuildFile; fileRef = E463C5AD2BDBF587005728C4 /* NavigationMainView.swift */; };
		E463C5B12BDBF69D005728C4 /* AuthorView.swift in Sources */ = {isa = PBXBuildFile; fileRef = E463C5AF2BDBF69D005728C4 /* AuthorView.swift */; };
		E463C5B22BDBF69D005728C4 /* BookView.swift in Sources */ = {isa = PBXBuildFile; fileRef = E463C5B02BDBF69D005728C4 /* BookView.swift */; };
		E463C5B42BDBF7D3005728C4 /* BookListView.swift in Sources */ = {isa = PBXBuildFile; fileRef = E463C5B32BDBF7D3005728C4 /* BookListView.swift */; };
		E463C5B62BDC0209005728C4 /* AddBookView.swift in Sources */ = {isa = PBXBuildFile; fileRef = E463C5B52BDC0209005728C4 /* AddBookView.swift */; };
/* End PBXBuildFile section */

/* Begin PBXContainerItemProxy section */
		E463C58D2BDBF404005728C4 /* PBXContainerItemProxy */ = {
			isa = PBXContainerItemProxy;
			containerPortal = E463C5732BDBF402005728C4 /* Project object */;
			proxyType = 1;
			remoteGlobalIDString = E463C57A2BDBF402005728C4;
			remoteInfo = NavigationAndInspectorExperiment;
		};
		E463C5972BDBF404005728C4 /* PBXContainerItemProxy */ = {
			isa = PBXContainerItemProxy;
			containerPortal = E463C5732BDBF402005728C4 /* Project object */;
			proxyType = 1;
			remoteGlobalIDString = E463C57A2BDBF402005728C4;
			remoteInfo = NavigationAndInspectorExperiment;
		};
/* End PBXContainerItemProxy section */

/* Begin PBXFileReference section */
		E463C57B2BDBF402005728C4 /* NavigationAndInspectorExperiment.app */ = {isa = PBXFileReference; explicitFileType = wrapper.application; includeInIndex = 0; path = NavigationAndInspectorExperiment.app; sourceTree = BUILT_PRODUCTS_DIR; };
		E463C57E2BDBF402005728C4 /* NavigationAndInspectorExperimentApp.swift */ = {isa = PBXFileReference; lastKnownFileType = sourcecode.swift; path = NavigationAndInspectorExperimentApp.swift; sourceTree = "<group>"; };
		E463C5802BDBF402005728C4 /* ContentView.swift */ = {isa = PBXFileReference; lastKnownFileType = sourcecode.swift; path = ContentView.swift; sourceTree = "<group>"; };
		E463C5822BDBF403005728C4 /* Assets.xcassets */ = {isa = PBXFileReference; lastKnownFileType = folder.assetcatalog; path = Assets.xcassets; sourceTree = "<group>"; };
		E463C5842BDBF403005728C4 /* NavigationAndInspectorExperiment.entitlements */ = {isa = PBXFileReference; lastKnownFileType = text.plist.entitlements; path = NavigationAndInspectorExperiment.entitlements; sourceTree = "<group>"; };
		E463C5862BDBF403005728C4 /* Preview Assets.xcassets */ = {isa = PBXFileReference; lastKnownFileType = folder.assetcatalog; path = "Preview Assets.xcassets"; sourceTree = "<group>"; };
		E463C58C2BDBF404005728C4 /* NavigationAndInspectorExperimentTests.xctest */ = {isa = PBXFileReference; explicitFileType = wrapper.cfbundle; includeInIndex = 0; path = NavigationAndInspectorExperimentTests.xctest; sourceTree = BUILT_PRODUCTS_DIR; };
		E463C5902BDBF404005728C4 /* NavigationAndInspectorExperimentTests.swift */ = {isa = PBXFileReference; lastKnownFileType = sourcecode.swift; path = NavigationAndInspectorExperimentTests.swift; sourceTree = "<group>"; };
		E463C5962BDBF404005728C4 /* NavigationAndInspectorExperimentUITests.xctest */ = {isa = PBXFileReference; explicitFileType = wrapper.cfbundle; includeInIndex = 0; path = NavigationAndInspectorExperimentUITests.xctest; sourceTree = BUILT_PRODUCTS_DIR; };
		E463C59A2BDBF404005728C4 /* NavigationAndInspectorExperimentUITests.swift */ = {isa = PBXFileReference; lastKnownFileType = sourcecode.swift; path = NavigationAndInspectorExperimentUITests.swift; sourceTree = "<group>"; };
		E463C59C2BDBF404005728C4 /* NavigationAndInspectorExperimentUITestsLaunchTests.swift */ = {isa = PBXFileReference; lastKnownFileType = sourcecode.swift; path = NavigationAndInspectorExperimentUITestsLaunchTests.swift; sourceTree = "<group>"; };
		E463C5AB2BDBF458005728C4 /* Data.swift */ = {isa = PBXFileReference; lastKnownFileType = sourcecode.swift; path = Data.swift; sourceTree = "<group>"; };
		E463C5AD2BDBF587005728C4 /* NavigationMainView.swift */ = {isa = PBXFileReference; lastKnownFileType = sourcecode.swift; path = NavigationMainView.swift; sourceTree = "<group>"; };
		E463C5AF2BDBF69D005728C4 /* AuthorView.swift */ = {isa = PBXFileReference; fileEncoding = 4; lastKnownFileType = sourcecode.swift; path = AuthorView.swift; sourceTree = "<group>"; };
		E463C5B02BDBF69D005728C4 /* BookView.swift */ = {isa = PBXFileReference; fileEncoding = 4; lastKnownFileType = sourcecode.swift; path = BookView.swift; sourceTree = "<group>"; };
		E463C5B32BDBF7D3005728C4 /* BookListView.swift */ = {isa = PBXFileReference; lastKnownFileType = sourcecode.swift; path = BookListView.swift; sourceTree = "<group>"; };
		E463C5B52BDC0209005728C4 /* AddBookView.swift */ = {isa = PBXFileReference; lastKnownFileType = sourcecode.swift; path = AddBookView.swift; sourceTree = "<group>"; };
/* End PBXFileReference section */

/* Begin PBXFrameworksBuildPhase section */
		E463C5782BDBF402005728C4 /* Frameworks */ = {
			isa = PBXFrameworksBuildPhase;
			buildActionMask = 2147483647;
			files = (
			);
			runOnlyForDeploymentPostprocessing = 0;
		};
		E463C5892BDBF404005728C4 /* Frameworks */ = {
			isa = PBXFrameworksBuildPhase;
			buildActionMask = 2147483647;
			files = (
			);
			runOnlyForDeploymentPostprocessing = 0;
		};
		E463C5932BDBF404005728C4 /* Frameworks */ = {
			isa = PBXFrameworksBuildPhase;
			buildActionMask = 2147483647;
			files = (
			);
			runOnlyForDeploymentPostprocessing = 0;
		};
/* End PBXFrameworksBuildPhase section */

/* Begin PBXGroup section */
		E463C5722BDBF402005728C4 = {
			isa = PBXGroup;
			children = (
				E463C57D2BDBF402005728C4 /* NavigationAndInspectorExperiment */,
				E463C58F2BDBF404005728C4 /* NavigationAndInspectorExperimentTests */,
				E463C5992BDBF404005728C4 /* NavigationAndInspectorExperimentUITests */,
				E463C57C2BDBF402005728C4 /* Products */,
			);
			sourceTree = "<group>";
		};
		E463C57C2BDBF402005728C4 /* Products */ = {
			isa = PBXGroup;
			children = (
				E463C57B2BDBF402005728C4 /* NavigationAndInspectorExperiment.app */,
				E463C58C2BDBF404005728C4 /* NavigationAndInspectorExperimentTests.xctest */,
				E463C5962BDBF404005728C4 /* NavigationAndInspectorExperimentUITests.xctest */,
			);
			name = Products;
			sourceTree = "<group>";
		};
		E463C57D2BDBF402005728C4 /* NavigationAndInspectorExperiment */ = {
			isa = PBXGroup;
			children = (
				E463C57E2BDBF402005728C4 /* NavigationAndInspectorExperimentApp.swift */,
				E463C5A92BDBF436005728C4 /* UI */,
				E463C5AA2BDBF440005728C4 /* Data */,
				E463C5822BDBF403005728C4 /* Assets.xcassets */,
				E463C5842BDBF403005728C4 /* NavigationAndInspectorExperiment.entitlements */,
				E463C5852BDBF403005728C4 /* Preview Content */,
			);
			path = NavigationAndInspectorExperiment;
			sourceTree = "<group>";
		};
		E463C5852BDBF403005728C4 /* Preview Content */ = {
			isa = PBXGroup;
			children = (
				E463C5862BDBF403005728C4 /* Preview Assets.xcassets */,
			);
			path = "Preview Content";
			sourceTree = "<group>";
		};
		E463C58F2BDBF404005728C4 /* NavigationAndInspectorExperimentTests */ = {
			isa = PBXGroup;
			children = (
				E463C5902BDBF404005728C4 /* NavigationAndInspectorExperimentTests.swift */,
			);
			path = NavigationAndInspectorExperimentTests;
			sourceTree = "<group>";
		};
		E463C5992BDBF404005728C4 /* NavigationAndInspectorExperimentUITests */ = {
			isa = PBXGroup;
			children = (
				E463C59A2BDBF404005728C4 /* NavigationAndInspectorExperimentUITests.swift */,
				E463C59C2BDBF404005728C4 /* NavigationAndInspectorExperimentUITestsLaunchTests.swift */,
			);
			path = NavigationAndInspectorExperimentUITests;
			sourceTree = "<group>";
		};
		E463C5A92BDBF436005728C4 /* UI */ = {
			isa = PBXGroup;
			children = (
				E463C5802BDBF402005728C4 /* ContentView.swift */,
				E463C5AD2BDBF587005728C4 /* NavigationMainView.swift */,
				E463C5B32BDBF7D3005728C4 /* BookListView.swift */,
				E463C5AF2BDBF69D005728C4 /* AuthorView.swift */,
				E463C5B02BDBF69D005728C4 /* BookView.swift */,
				E463C5B52BDC0209005728C4 /* AddBookView.swift */,
			);
			path = UI;
			sourceTree = "<group>";
		};
		E463C5AA2BDBF440005728C4 /* Data */ = {
			isa = PBXGroup;
			children = (
				E463C5AB2BDBF458005728C4 /* Data.swift */,
			);
			path = Data;
			sourceTree = "<group>";
		};
/* End PBXGroup section */

/* Begin PBXNativeTarget section */
		E463C57A2BDBF402005728C4 /* NavigationAndInspectorExperiment */ = {
			isa = PBXNativeTarget;
			buildConfigurationList = E463C5A02BDBF404005728C4 /* Build configuration list for PBXNativeTarget "NavigationAndInspectorExperiment" */;
			buildPhases = (
				E463C5772BDBF402005728C4 /* Sources */,
				E463C5782BDBF402005728C4 /* Frameworks */,
				E463C5792BDBF402005728C4 /* Resources */,
			);
			buildRules = (
			);
			dependencies = (
			);
			name = NavigationAndInspectorExperiment;
			productName = NavigationAndInspectorExperiment;
			productReference = E463C57B2BDBF402005728C4 /* NavigationAndInspectorExperiment.app */;
			productType = "com.apple.product-type.application";
		};
		E463C58B2BDBF404005728C4 /* NavigationAndInspectorExperimentTests */ = {
			isa = PBXNativeTarget;
			buildConfigurationList = E463C5A32BDBF404005728C4 /* Build configuration list for PBXNativeTarget "NavigationAndInspectorExperimentTests" */;
			buildPhases = (
				E463C5882BDBF404005728C4 /* Sources */,
				E463C5892BDBF404005728C4 /* Frameworks */,
				E463C58A2BDBF404005728C4 /* Resources */,
			);
			buildRules = (
			);
			dependencies = (
				E463C58E2BDBF404005728C4 /* PBXTargetDependency */,
			);
			name = NavigationAndInspectorExperimentTests;
			productName = NavigationAndInspectorExperimentTests;
			productReference = E463C58C2BDBF404005728C4 /* NavigationAndInspectorExperimentTests.xctest */;
			productType = "com.apple.product-type.bundle.unit-test";
		};
		E463C5952BDBF404005728C4 /* NavigationAndInspectorExperimentUITests */ = {
			isa = PBXNativeTarget;
			buildConfigurationList = E463C5A62BDBF404005728C4 /* Build configuration list for PBXNativeTarget "NavigationAndInspectorExperimentUITests" */;
			buildPhases = (
				E463C5922BDBF404005728C4 /* Sources */,
				E463C5932BDBF404005728C4 /* Frameworks */,
				E463C5942BDBF404005728C4 /* Resources */,
			);
			buildRules = (
			);
			dependencies = (
				E463C5982BDBF404005728C4 /* PBXTargetDependency */,
			);
			name = NavigationAndInspectorExperimentUITests;
			productName = NavigationAndInspectorExperimentUITests;
			productReference = E463C5962BDBF404005728C4 /* NavigationAndInspectorExperimentUITests.xctest */;
			productType = "com.apple.product-type.bundle.ui-testing";
		};
/* End PBXNativeTarget section */

/* Begin PBXProject section */
		E463C5732BDBF402005728C4 /* Project object */ = {
			isa = PBXProject;
			attributes = {
				BuildIndependentTargetsInParallel = 1;
				LastSwiftUpdateCheck = 1540;
				LastUpgradeCheck = 1540;
				TargetAttributes = {
					E463C57A2BDBF402005728C4 = {
						CreatedOnToolsVersion = 15.4;
					};
					E463C58B2BDBF404005728C4 = {
						CreatedOnToolsVersion = 15.4;
						TestTargetID = E463C57A2BDBF402005728C4;
					};
					E463C5952BDBF404005728C4 = {
						CreatedOnToolsVersion = 15.4;
						TestTargetID = E463C57A2BDBF402005728C4;
					};
				};
			};
			buildConfigurationList = E463C5762BDBF402005728C4 /* Build configuration list for PBXProject "NavigationAndInspectorExperiment" */;
			compatibilityVersion = "Xcode 14.0";
			developmentRegion = en;
			hasScannedForEncodings = 0;
			knownRegions = (
				en,
				Base,
			);
			mainGroup = E463C5722BDBF402005728C4;
			productRefGroup = E463C57C2BDBF402005728C4 /* Products */;
			projectDirPath = "";
			projectRoot = "";
			targets = (
				E463C57A2BDBF402005728C4 /* NavigationAndInspectorExperiment */,
				E463C58B2BDBF404005728C4 /* NavigationAndInspectorExperimentTests */,
				E463C5952BDBF404005728C4 /* NavigationAndInspectorExperimentUITests */,
			);
		};
/* End PBXProject section */

/* Begin PBXResourcesBuildPhase section */
		E463C5792BDBF402005728C4 /* Resources */ = {
			isa = PBXResourcesBuildPhase;
			buildActionMask = 2147483647;
			files = (
				E463C5872BDBF403005728C4 /* Preview Assets.xcassets in Resources */,
				E463C5832BDBF403005728C4 /* Assets.xcassets in Resources */,
			);
			runOnlyForDeploymentPostprocessing = 0;
		};
		E463C58A2BDBF404005728C4 /* Resources */ = {
			isa = PBXResourcesBuildPhase;
			buildActionMask = 2147483647;
			files = (
			);
			runOnlyForDeploymentPostprocessing = 0;
		};
		E463C5942BDBF404005728C4 /* Resources */ = {
			isa = PBXResourcesBuildPhase;
			buildActionMask = 2147483647;
			files = (
			);
			runOnlyForDeploymentPostprocessing = 0;
		};
/* End PBXResourcesBuildPhase section */

/* Begin PBXSourcesBuildPhase section */
		E463C5772BDBF402005728C4 /* Sources */ = {
			isa = PBXSourcesBuildPhase;
			buildActionMask = 2147483647;
			files = (
				E463C5B12BDBF69D005728C4 /* AuthorView.swift in Sources */,
				E463C5812BDBF402005728C4 /* ContentView.swift in Sources */,
				E463C5AC2BDBF458005728C4 /* Data.swift in Sources */,
				E463C5B62BDC0209005728C4 /* AddBookView.swift in Sources */,
				E463C5B22BDBF69D005728C4 /* BookView.swift in Sources */,
				E463C57F2BDBF402005728C4 /* NavigationAndInspectorExperimentApp.swift in Sources */,
				E463C5B42BDBF7D3005728C4 /* BookListView.swift in Sources */,
				E463C5AE2BDBF587005728C4 /* NavigationMainView.swift in Sources */,
			);
			runOnlyForDeploymentPostprocessing = 0;
		};
		E463C5882BDBF404005728C4 /* Sources */ = {
			isa = PBXSourcesBuildPhase;
			buildActionMask = 2147483647;
			files = (
				E463C5912BDBF404005728C4 /* NavigationAndInspectorExperimentTests.swift in Sources */,
			);
			runOnlyForDeploymentPostprocessing = 0;
		};
		E463C5922BDBF404005728C4 /* Sources */ = {
			isa = PBXSourcesBuildPhase;
			buildActionMask = 2147483647;
			files = (
				E463C59B2BDBF404005728C4 /* NavigationAndInspectorExperimentUITests.swift in Sources */,
				E463C59D2BDBF404005728C4 /* NavigationAndInspectorExperimentUITestsLaunchTests.swift in Sources */,
			);
			runOnlyForDeploymentPostprocessing = 0;
		};
/* End PBXSourcesBuildPhase section */

/* Begin PBXTargetDependency section */
		E463C58E2BDBF404005728C4 /* PBXTargetDependency */ = {
			isa = PBXTargetDependency;
			target = E463C57A2BDBF402005728C4 /* NavigationAndInspectorExperiment */;
			targetProxy = E463C58D2BDBF404005728C4 /* PBXContainerItemProxy */;
		};
		E463C5982BDBF404005728C4 /* PBXTargetDependency */ = {
			isa = PBXTargetDependency;
			target = E463C57A2BDBF402005728C4 /* NavigationAndInspectorExperiment */;
			targetProxy = E463C5972BDBF404005728C4 /* PBXContainerItemProxy */;
		};
/* End PBXTargetDependency section */

/* Begin XCBuildConfiguration section */
		E463C59E2BDBF404005728C4 /* Debug */ = {
			isa = XCBuildConfiguration;
			buildSettings = {
				ALWAYS_SEARCH_USER_PATHS = NO;
				ASSETCATALOG_COMPILER_GENERATE_SWIFT_ASSET_SYMBOL_EXTENSIONS = YES;
				CLANG_ANALYZER_NONNULL = YES;
				CLANG_ANALYZER_NUMBER_OBJECT_CONVERSION = YES_AGGRESSIVE;
				CLANG_CXX_LANGUAGE_STANDARD = "gnu++20";
				CLANG_ENABLE_MODULES = YES;
				CLANG_ENABLE_OBJC_ARC = YES;
				CLANG_ENABLE_OBJC_WEAK = YES;
				CLANG_WARN_BLOCK_CAPTURE_AUTORELEASING = YES;
				CLANG_WARN_BOOL_CONVERSION = YES;
				CLANG_WARN_COMMA = YES;
				CLANG_WARN_CONSTANT_CONVERSION = YES;
				CLANG_WARN_DEPRECATED_OBJC_IMPLEMENTATIONS = YES;
				CLANG_WARN_DIRECT_OBJC_ISA_USAGE = YES_ERROR;
				CLANG_WARN_DOCUMENTATION_COMMENTS = YES;
				CLANG_WARN_EMPTY_BODY = YES;
				CLANG_WARN_ENUM_CONVERSION = YES;
				CLANG_WARN_INFINITE_RECURSION = YES;
				CLANG_WARN_INT_CONVERSION = YES;
				CLANG_WARN_NON_LITERAL_NULL_CONVERSION = YES;
				CLANG_WARN_OBJC_IMPLICIT_RETAIN_SELF = YES;
				CLANG_WARN_OBJC_LITERAL_CONVERSION = YES;
				CLANG_WARN_OBJC_ROOT_CLASS = YES_ERROR;
				CLANG_WARN_QUOTED_INCLUDE_IN_FRAMEWORK_HEADER = YES;
				CLANG_WARN_RANGE_LOOP_ANALYSIS = YES;
				CLANG_WARN_STRICT_PROTOTYPES = YES;
				CLANG_WARN_SUSPICIOUS_MOVE = YES;
				CLANG_WARN_UNGUARDED_AVAILABILITY = YES_AGGRESSIVE;
				CLANG_WARN_UNREACHABLE_CODE = YES;
				CLANG_WARN__DUPLICATE_METHOD_MATCH = YES;
				COPY_PHASE_STRIP = NO;
				DEBUG_INFORMATION_FORMAT = dwarf;
				ENABLE_STRICT_OBJC_MSGSEND = YES;
				ENABLE_TESTABILITY = YES;
				ENABLE_USER_SCRIPT_SANDBOXING = YES;
				GCC_C_LANGUAGE_STANDARD = gnu17;
				GCC_DYNAMIC_NO_PIC = NO;
				GCC_NO_COMMON_BLOCKS = YES;
				GCC_OPTIMIZATION_LEVEL = 0;
				GCC_PREPROCESSOR_DEFINITIONS = (
					"DEBUG=1",
					"$(inherited)",
				);
				GCC_WARN_64_TO_32_BIT_CONVERSION = YES;
				GCC_WARN_ABOUT_RETURN_TYPE = YES_ERROR;
				GCC_WARN_UNDECLARED_SELECTOR = YES;
				GCC_WARN_UNINITIALIZED_AUTOS = YES_AGGRESSIVE;
				GCC_WARN_UNUSED_FUNCTION = YES;
				GCC_WARN_UNUSED_VARIABLE = YES;
				LOCALIZATION_PREFERS_STRING_CATALOGS = YES;
				MTL_ENABLE_DEBUG_INFO = INCLUDE_SOURCE;
				MTL_FAST_MATH = YES;
				ONLY_ACTIVE_ARCH = YES;
				SWIFT_ACTIVE_COMPILATION_CONDITIONS = "DEBUG $(inherited)";
				SWIFT_OPTIMIZATION_LEVEL = "-Onone";
			};
			name = Debug;
		};
		E463C59F2BDBF404005728C4 /* Release */ = {
			isa = XCBuildConfiguration;
			buildSettings = {
				ALWAYS_SEARCH_USER_PATHS = NO;
				ASSETCATALOG_COMPILER_GENERATE_SWIFT_ASSET_SYMBOL_EXTENSIONS = YES;
				CLANG_ANALYZER_NONNULL = YES;
				CLANG_ANALYZER_NUMBER_OBJECT_CONVERSION = YES_AGGRESSIVE;
				CLANG_CXX_LANGUAGE_STANDARD = "gnu++20";
				CLANG_ENABLE_MODULES = YES;
				CLANG_ENABLE_OBJC_ARC = YES;
				CLANG_ENABLE_OBJC_WEAK = YES;
				CLANG_WARN_BLOCK_CAPTURE_AUTORELEASING = YES;
				CLANG_WARN_BOOL_CONVERSION = YES;
				CLANG_WARN_COMMA = YES;
				CLANG_WARN_CONSTANT_CONVERSION = YES;
				CLANG_WARN_DEPRECATED_OBJC_IMPLEMENTATIONS = YES;
				CLANG_WARN_DIRECT_OBJC_ISA_USAGE = YES_ERROR;
				CLANG_WARN_DOCUMENTATION_COMMENTS = YES;
				CLANG_WARN_EMPTY_BODY = YES;
				CLANG_WARN_ENUM_CONVERSION = YES;
				CLANG_WARN_INFINITE_RECURSION = YES;
				CLANG_WARN_INT_CONVERSION = YES;
				CLANG_WARN_NON_LITERAL_NULL_CONVERSION = YES;
				CLANG_WARN_OBJC_IMPLICIT_RETAIN_SELF = YES;
				CLANG_WARN_OBJC_LITERAL_CONVERSION = YES;
				CLANG_WARN_OBJC_ROOT_CLASS = YES_ERROR;
				CLANG_WARN_QUOTED_INCLUDE_IN_FRAMEWORK_HEADER = YES;
				CLANG_WARN_RANGE_LOOP_ANALYSIS = YES;
				CLANG_WARN_STRICT_PROTOTYPES = YES;
				CLANG_WARN_SUSPICIOUS_MOVE = YES;
				CLANG_WARN_UNGUARDED_AVAILABILITY = YES_AGGRESSIVE;
				CLANG_WARN_UNREACHABLE_CODE = YES;
				CLANG_WARN__DUPLICATE_METHOD_MATCH = YES;
				COPY_PHASE_STRIP = NO;
				DEBUG_INFORMATION_FORMAT = "dwarf-with-dsym";
				ENABLE_NS_ASSERTIONS = NO;
				ENABLE_STRICT_OBJC_MSGSEND = YES;
				ENABLE_USER_SCRIPT_SANDBOXING = YES;
				GCC_C_LANGUAGE_STANDARD = gnu17;
				GCC_NO_COMMON_BLOCKS = YES;
				GCC_WARN_64_TO_32_BIT_CONVERSION = YES;
				GCC_WARN_ABOUT_RETURN_TYPE = YES_ERROR;
				GCC_WARN_UNDECLARED_SELECTOR = YES;
				GCC_WARN_UNINITIALIZED_AUTOS = YES_AGGRESSIVE;
				GCC_WARN_UNUSED_FUNCTION = YES;
				GCC_WARN_UNUSED_VARIABLE = YES;
				LOCALIZATION_PREFERS_STRING_CATALOGS = YES;
				MTL_ENABLE_DEBUG_INFO = NO;
				MTL_FAST_MATH = YES;
				SWIFT_COMPILATION_MODE = wholemodule;
			};
			name = Release;
		};
		E463C5A12BDBF404005728C4 /* Debug */ = {
			isa = XCBuildConfiguration;
			buildSettings = {
				ASSETCATALOG_COMPILER_APPICON_NAME = AppIcon;
				ASSETCATALOG_COMPILER_GLOBAL_ACCENT_COLOR_NAME = AccentColor;
				CODE_SIGN_ENTITLEMENTS = NavigationAndInspectorExperiment/NavigationAndInspectorExperiment.entitlements;
				CODE_SIGN_STYLE = Automatic;
				CURRENT_PROJECT_VERSION = 1;
				DEVELOPMENT_ASSET_PATHS = "\"NavigationAndInspectorExperiment/Preview Content\"";
				DEVELOPMENT_TEAM = R28W7FR6SE;
				ENABLE_HARDENED_RUNTIME = YES;
				ENABLE_PREVIEWS = YES;
				GENERATE_INFOPLIST_FILE = YES;
				"INFOPLIST_KEY_UIApplicationSceneManifest_Generation[sdk=iphoneos*]" = YES;
				"INFOPLIST_KEY_UIApplicationSceneManifest_Generation[sdk=iphonesimulator*]" = YES;
				"INFOPLIST_KEY_UIApplicationSupportsIndirectInputEvents[sdk=iphoneos*]" = YES;
				"INFOPLIST_KEY_UIApplicationSupportsIndirectInputEvents[sdk=iphonesimulator*]" = YES;
				"INFOPLIST_KEY_UILaunchScreen_Generation[sdk=iphoneos*]" = YES;
				"INFOPLIST_KEY_UILaunchScreen_Generation[sdk=iphonesimulator*]" = YES;
				"INFOPLIST_KEY_UIStatusBarStyle[sdk=iphoneos*]" = UIStatusBarStyleDefault;
				"INFOPLIST_KEY_UIStatusBarStyle[sdk=iphonesimulator*]" = UIStatusBarStyleDefault;
				INFOPLIST_KEY_UISupportedInterfaceOrientations_iPad = "UIInterfaceOrientationPortrait UIInterfaceOrientationPortraitUpsideDown UIInterfaceOrientationLandscapeLeft UIInterfaceOrientationLandscapeRight";
				INFOPLIST_KEY_UISupportedInterfaceOrientations_iPhone = "UIInterfaceOrientationPortrait UIInterfaceOrientationLandscapeLeft UIInterfaceOrientationLandscapeRight";
				IPHONEOS_DEPLOYMENT_TARGET = 17.5;
				LD_RUNPATH_SEARCH_PATHS = "@executable_path/Frameworks";
				"LD_RUNPATH_SEARCH_PATHS[sdk=macosx*]" = "@executable_path/../Frameworks";
				MACOSX_DEPLOYMENT_TARGET = 14.5;
				MARKETING_VERSION = 1.0;
				PRODUCT_BUNDLE_IDENTIFIER = com.unlikelyware.NavigationAndInspectorExperiment;
				PRODUCT_NAME = "$(TARGET_NAME)";
				SDKROOT = auto;
				SUPPORTED_PLATFORMS = "iphoneos iphonesimulator macosx";
				SWIFT_EMIT_LOC_STRINGS = YES;
				SWIFT_VERSION = 5.0;
				TARGETED_DEVICE_FAMILY = "1,2";
			};
			name = Debug;
		};
		E463C5A22BDBF404005728C4 /* Release */ = {
			isa = XCBuildConfiguration;
			buildSettings = {
				ASSETCATALOG_COMPILER_APPICON_NAME = AppIcon;
				ASSETCATALOG_COMPILER_GLOBAL_ACCENT_COLOR_NAME = AccentColor;
				CODE_SIGN_ENTITLEMENTS = NavigationAndInspectorExperiment/NavigationAndInspectorExperiment.entitlements;
				CODE_SIGN_STYLE = Automatic;
				CURRENT_PROJECT_VERSION = 1;
				DEVELOPMENT_ASSET_PATHS = "\"NavigationAndInspectorExperiment/Preview Content\"";
				DEVELOPMENT_TEAM = R28W7FR6SE;
				ENABLE_HARDENED_RUNTIME = YES;
				ENABLE_PREVIEWS = YES;
				GENERATE_INFOPLIST_FILE = YES;
				"INFOPLIST_KEY_UIApplicationSceneManifest_Generation[sdk=iphoneos*]" = YES;
				"INFOPLIST_KEY_UIApplicationSceneManifest_Generation[sdk=iphonesimulator*]" = YES;
				"INFOPLIST_KEY_UIApplicationSupportsIndirectInputEvents[sdk=iphoneos*]" = YES;
				"INFOPLIST_KEY_UIApplicationSupportsIndirectInputEvents[sdk=iphonesimulator*]" = YES;
				"INFOPLIST_KEY_UILaunchScreen_Generation[sdk=iphoneos*]" = YES;
				"INFOPLIST_KEY_UILaunchScreen_Generation[sdk=iphonesimulator*]" = YES;
				"INFOPLIST_KEY_UIStatusBarStyle[sdk=iphoneos*]" = UIStatusBarStyleDefault;
				"INFOPLIST_KEY_UIStatusBarStyle[sdk=iphonesimulator*]" = UIStatusBarStyleDefault;
				INFOPLIST_KEY_UISupportedInterfaceOrientations_iPad = "UIInterfaceOrientationPortrait UIInterfaceOrientationPortraitUpsideDown UIInterfaceOrientationLandscapeLeft UIInterfaceOrientationLandscapeRight";
				INFOPLIST_KEY_UISupportedInterfaceOrientations_iPhone = "UIInterfaceOrientationPortrait UIInterfaceOrientationLandscapeLeft UIInterfaceOrientationLandscapeRight";
				IPHONEOS_DEPLOYMENT_TARGET = 17.5;
				LD_RUNPATH_SEARCH_PATHS = "@executable_path/Frameworks";
				"LD_RUNPATH_SEARCH_PATHS[sdk=macosx*]" = "@executable_path/../Frameworks";
				MACOSX_DEPLOYMENT_TARGET = 14.5;
				MARKETING_VERSION = 1.0;
				PRODUCT_BUNDLE_IDENTIFIER = com.unlikelyware.NavigationAndInspectorExperiment;
				PRODUCT_NAME = "$(TARGET_NAME)";
				SDKROOT = auto;
				SUPPORTED_PLATFORMS = "iphoneos iphonesimulator macosx";
				SWIFT_EMIT_LOC_STRINGS = YES;
				SWIFT_VERSION = 5.0;
				TARGETED_DEVICE_FAMILY = "1,2";
			};
			name = Release;
		};
		E463C5A42BDBF404005728C4 /* Debug */ = {
			isa = XCBuildConfiguration;
			buildSettings = {
				ALWAYS_EMBED_SWIFT_STANDARD_LIBRARIES = YES;
				BUNDLE_LOADER = "$(TEST_HOST)";
				CODE_SIGN_STYLE = Automatic;
				CURRENT_PROJECT_VERSION = 1;
				DEVELOPMENT_TEAM = R28W7FR6SE;
				GENERATE_INFOPLIST_FILE = YES;
				IPHONEOS_DEPLOYMENT_TARGET = 17.5;
				MACOSX_DEPLOYMENT_TARGET = 14.5;
				MARKETING_VERSION = 1.0;
				PRODUCT_BUNDLE_IDENTIFIER = com.unlikelyware.NavigationAndInspectorExperimentTests;
				PRODUCT_NAME = "$(TARGET_NAME)";
				SDKROOT = auto;
				SUPPORTED_PLATFORMS = "iphoneos iphonesimulator macosx";
				SWIFT_EMIT_LOC_STRINGS = NO;
				SWIFT_VERSION = 5.0;
				TARGETED_DEVICE_FAMILY = "1,2";
				TEST_HOST = "$(BUILT_PRODUCTS_DIR)/NavigationAndInspectorExperiment.app/$(BUNDLE_EXECUTABLE_FOLDER_PATH)/NavigationAndInspectorExperiment";
			};
			name = Debug;
		};
		E463C5A52BDBF404005728C4 /* Release */ = {
			isa = XCBuildConfiguration;
			buildSettings = {
				ALWAYS_EMBED_SWIFT_STANDARD_LIBRARIES = YES;
				BUNDLE_LOADER = "$(TEST_HOST)";
				CODE_SIGN_STYLE = Automatic;
				CURRENT_PROJECT_VERSION = 1;
				DEVELOPMENT_TEAM = R28W7FR6SE;
				GENERATE_INFOPLIST_FILE = YES;
				IPHONEOS_DEPLOYMENT_TARGET = 17.5;
				MACOSX_DEPLOYMENT_TARGET = 14.5;
				MARKETING_VERSION = 1.0;
				PRODUCT_BUNDLE_IDENTIFIER = com.unlikelyware.NavigationAndInspectorExperimentTests;
				PRODUCT_NAME = "$(TARGET_NAME)";
				SDKROOT = auto;
				SUPPORTED_PLATFORMS = "iphoneos iphonesimulator macosx";
				SWIFT_EMIT_LOC_STRINGS = NO;
				SWIFT_VERSION = 5.0;
				TARGETED_DEVICE_FAMILY = "1,2";
				TEST_HOST = "$(BUILT_PRODUCTS_DIR)/NavigationAndInspectorExperiment.app/$(BUNDLE_EXECUTABLE_FOLDER_PATH)/NavigationAndInspectorExperiment";
			};
			name = Release;
		};
		E463C5A72BDBF404005728C4 /* Debug */ = {
			isa = XCBuildConfiguration;
			buildSettings = {
				ALWAYS_EMBED_SWIFT_STANDARD_LIBRARIES = YES;
				CODE_SIGN_STYLE = Automatic;
				CURRENT_PROJECT_VERSION = 1;
				DEVELOPMENT_TEAM = R28W7FR6SE;
				GENERATE_INFOPLIST_FILE = YES;
				IPHONEOS_DEPLOYMENT_TARGET = 17.5;
				MACOSX_DEPLOYMENT_TARGET = 14.5;
				MARKETING_VERSION = 1.0;
				PRODUCT_BUNDLE_IDENTIFIER = com.unlikelyware.NavigationAndInspectorExperimentUITests;
				PRODUCT_NAME = "$(TARGET_NAME)";
				SDKROOT = auto;
				SUPPORTED_PLATFORMS = "iphoneos iphonesimulator macosx";
				SWIFT_EMIT_LOC_STRINGS = NO;
				SWIFT_VERSION = 5.0;
				TARGETED_DEVICE_FAMILY = "1,2";
				TEST_TARGET_NAME = NavigationAndInspectorExperiment;
			};
			name = Debug;
		};
		E463C5A82BDBF404005728C4 /* Release */ = {
			isa = XCBuildConfiguration;
			buildSettings = {
				ALWAYS_EMBED_SWIFT_STANDARD_LIBRARIES = YES;
				CODE_SIGN_STYLE = Automatic;
				CURRENT_PROJECT_VERSION = 1;
				DEVELOPMENT_TEAM = R28W7FR6SE;
				GENERATE_INFOPLIST_FILE = YES;
				IPHONEOS_DEPLOYMENT_TARGET = 17.5;
				MACOSX_DEPLOYMENT_TARGET = 14.5;
				MARKETING_VERSION = 1.0;
				PRODUCT_BUNDLE_IDENTIFIER = com.unlikelyware.NavigationAndInspectorExperimentUITests;
				PRODUCT_NAME = "$(TARGET_NAME)";
				SDKROOT = auto;
				SUPPORTED_PLATFORMS = "iphoneos iphonesimulator macosx";
				SWIFT_EMIT_LOC_STRINGS = NO;
				SWIFT_VERSION = 5.0;
				TARGETED_DEVICE_FAMILY = "1,2";
				TEST_TARGET_NAME = NavigationAndInspectorExperiment;
			};
			name = Release;
		};
/* End XCBuildConfiguration section */

/* Begin XCConfigurationList section */
		E463C5762BDBF402005728C4 /* Build configuration list for PBXProject "NavigationAndInspectorExperiment" */ = {
			isa = XCConfigurationList;
			buildConfigurations = (
				E463C59E2BDBF404005728C4 /* Debug */,
				E463C59F2BDBF404005728C4 /* Release */,
			);
			defaultConfigurationIsVisible = 0;
			defaultConfigurationName = Release;
		};
		E463C5A02BDBF404005728C4 /* Build configuration list for PBXNativeTarget "NavigationAndInspectorExperiment" */ = {
			isa = XCConfigurationList;
			buildConfigurations = (
				E463C5A12BDBF404005728C4 /* Debug */,
				E463C5A22BDBF404005728C4 /* Release */,
			);
			defaultConfigurationIsVisible = 0;
			defaultConfigurationName = Release;
		};
		E463C5A32BDBF404005728C4 /* Build configuration list for PBXNativeTarget "NavigationAndInspectorExperimentTests" */ = {
			isa = XCConfigurationList;
			buildConfigurations = (
				E463C5A42BDBF404005728C4 /* Debug */,
				E463C5A52BDBF404005728C4 /* Release */,
			);
			defaultConfigurationIsVisible = 0;
			defaultConfigurationName = Release;
		};
		E463C5A62BDBF404005728C4 /* Build configuration list for PBXNativeTarget "NavigationAndInspectorExperimentUITests" */ = {
			isa = XCConfigurationList;
			buildConfigurations = (
				E463C5A72BDBF404005728C4 /* Debug */,
				E463C5A82BDBF404005728C4 /* Release */,
			);
			defaultConfigurationIsVisible = 0;
			defaultConfigurationName = Release;
		};
/* End XCConfigurationList section */
	};
	rootObject = E463C5732BDBF402005728C4 /* Project object */;
}
